// !$*UTF8*$!
{
	archiveVersion = 1;
	classes = {
	};
	objectVersion = 46;
	objects = {

/* Begin PBXBuildFile section */
		6F9E73201D23B80E005E04B2 /* main.cpp in Sources */ = {isa = PBXBuildFile; fileRef = 6F9E731F1D23B80E005E04B2 /* main.cpp */; };
		6F9E73831D264A0F005E04B2 /* HPacker.cpp in Sources */ = {isa = PBXBuildFile; fileRef = 6F9E737E1D264A0F005E04B2 /* HPacker.cpp */; };
		6F9E73841D264A0F005E04B2 /* HPackTable.cpp in Sources */ = {isa = PBXBuildFile; fileRef = 6F9E73801D264A0F005E04B2 /* HPackTable.cpp */; };
/* End PBXBuildFile section */

/* Begin PBXCopyFilesBuildPhase section */
		6F9E731A1D23B80E005E04B2 /* CopyFiles */ = {
			isa = PBXCopyFilesBuildPhase;
			buildActionMask = 2147483647;
			dstPath = /usr/share/man/man1/;
			dstSubfolderSpec = 0;
			files = (
			);
			runOnlyForDeploymentPostprocessing = 1;
		};
/* End PBXCopyFilesBuildPhase section */

/* Begin PBXFileReference section */
		6F9E731C1D23B80E005E04B2 /* hpack-test */ = {isa = PBXFileReference; explicitFileType = "compiled.mach-o.executable"; includeInIndex = 0; path = "hpack-test"; sourceTree = BUILT_PRODUCTS_DIR; };
		6F9E731F1D23B80E005E04B2 /* main.cpp */ = {isa = PBXFileReference; lastKnownFileType = sourcecode.cpp.cpp; path = main.cpp; sourceTree = "<group>"; };
		6F9E737E1D264A0F005E04B2 /* HPacker.cpp */ = {isa = PBXFileReference; fileEncoding = 4; lastKnownFileType = sourcecode.cpp.cpp; path = HPacker.cpp; sourceTree = "<group>"; };
		6F9E737F1D264A0F005E04B2 /* HPacker.h */ = {isa = PBXFileReference; fileEncoding = 4; lastKnownFileType = sourcecode.c.h; path = HPacker.h; sourceTree = "<group>"; };
		6F9E73801D264A0F005E04B2 /* HPackTable.cpp */ = {isa = PBXFileReference; fileEncoding = 4; lastKnownFileType = sourcecode.cpp.cpp; path = HPackTable.cpp; sourceTree = "<group>"; };
		6F9E73811D264A0F005E04B2 /* HPackTable.h */ = {isa = PBXFileReference; fileEncoding = 4; lastKnownFileType = sourcecode.c.h; path = HPackTable.h; sourceTree = "<group>"; };
		6F9E73821D264A0F005E04B2 /* StaticTable.h */ = {isa = PBXFileReference; fileEncoding = 4; lastKnownFileType = sourcecode.c.h; path = StaticTable.h; sourceTree = "<group>"; };
/* End PBXFileReference section */

/* Begin PBXFrameworksBuildPhase section */
		6F9E73191D23B80E005E04B2 /* Frameworks */ = {
			isa = PBXFrameworksBuildPhase;
			buildActionMask = 2147483647;
			files = (
			);
			runOnlyForDeploymentPostprocessing = 0;
		};
/* End PBXFrameworksBuildPhase section */

/* Begin PBXGroup section */
		6F9E73131D23B80E005E04B2 = {
			isa = PBXGroup;
			children = (
				6F9E737D1D2649EC005E04B2 /* hpack */,
				6F9E731E1D23B80E005E04B2 /* hpack-test */,
				6F9E731D1D23B80E005E04B2 /* Products */,
			);
			sourceTree = "<group>";
		};
		6F9E731D1D23B80E005E04B2 /* Products */ = {
			isa = PBXGroup;
			children = (
				6F9E731C1D23B80E005E04B2 /* hpack-test */,
			);
			name = Products;
			sourceTree = "<group>";
		};
		6F9E731E1D23B80E005E04B2 /* hpack-test */ = {
			isa = PBXGroup;
			children = (
				6F9E731F1D23B80E005E04B2 /* main.cpp */,
			);
			path = "hpack-test";
			sourceTree = "<group>";
		};
		6F9E737D1D2649EC005E04B2 /* hpack */ = {
			isa = PBXGroup;
			children = (
				6F9E737E1D264A0F005E04B2 /* HPacker.cpp */,
				6F9E737F1D264A0F005E04B2 /* HPacker.h */,
				6F9E73801D264A0F005E04B2 /* HPackTable.cpp */,
				6F9E73811D264A0F005E04B2 /* HPackTable.h */,
				6F9E73821D264A0F005E04B2 /* StaticTable.h */,
			);
			name = hpack;
			path = ../src;
			sourceTree = "<group>";
		};
/* End PBXGroup section */

/* Begin PBXNativeTarget section */
		6F9E731B1D23B80E005E04B2 /* hpack-test */ = {
			isa = PBXNativeTarget;
			buildConfigurationList = 6F9E73231D23B80E005E04B2 /* Build configuration list for PBXNativeTarget "hpack-test" */;
			buildPhases = (
				6F9E73181D23B80E005E04B2 /* Sources */,
				6F9E73191D23B80E005E04B2 /* Frameworks */,
				6F9E731A1D23B80E005E04B2 /* CopyFiles */,
			);
			buildRules = (
			);
			dependencies = (
			);
			name = "hpack-test";
			productName = "hpack-test";
			productReference = 6F9E731C1D23B80E005E04B2 /* hpack-test */;
			productType = "com.apple.product-type.tool";
		};
/* End PBXNativeTarget section */

/* Begin PBXProject section */
		6F9E73141D23B80E005E04B2 /* Project object */ = {
			isa = PBXProject;
			attributes = {
				LastUpgradeCheck = 0730;
				ORGANIZATIONNAME = jamol;
				TargetAttributes = {
					6F9E731B1D23B80E005E04B2 = {
						CreatedOnToolsVersion = 7.3.1;
					};
				};
			};
			buildConfigurationList = 6F9E73171D23B80E005E04B2 /* Build configuration list for PBXProject "hpack-test" */;
			compatibilityVersion = "Xcode 3.2";
			developmentRegion = English;
			hasScannedForEncodings = 0;
			knownRegions = (
				en,
			);
			mainGroup = 6F9E73131D23B80E005E04B2;
			productRefGroup = 6F9E731D1D23B80E005E04B2 /* Products */;
			projectDirPath = "";
			projectRoot = "";
			targets = (
				6F9E731B1D23B80E005E04B2 /* hpack-test */,
			);
		};
/* End PBXProject section */

/* Begin PBXSourcesBuildPhase section */
		6F9E73181D23B80E005E04B2 /* Sources */ = {
			isa = PBXSourcesBuildPhase;
			buildActionMask = 2147483647;
			files = (
				6F9E73841D264A0F005E04B2 /* HPackTable.cpp in Sources */,
				6F9E73831D264A0F005E04B2 /* HPacker.cpp in Sources */,
				6F9E73201D23B80E005E04B2 /* main.cpp in Sources */,
			);
			runOnlyForDeploymentPostprocessing = 0;
		};
/* End PBXSourcesBuildPhase section */

/* Begin XCBuildConfiguration section */
		6F9E73211D23B80E005E04B2 /* Debug */ = {
			isa = XCBuildConfiguration;
			buildSettings = {
				ALWAYS_SEARCH_USER_PATHS = NO;
				CLANG_ANALYZER_NONNULL = YES;
				CLANG_CXX_LANGUAGE_STANDARD = "gnu++0x";
				CLANG_CXX_LIBRARY = "libc++";
				CLANG_ENABLE_MODULES = YES;
				CLANG_ENABLE_OBJC_ARC = YES;
				CLANG_WARN_BOOL_CONVERSION = YES;
				CLANG_WARN_CONSTANT_CONVERSION = YES;
				CLANG_WARN_DIRECT_OBJC_ISA_USAGE = YES_ERROR;
				CLANG_WARN_EMPTY_BODY = YES;
				CLANG_WARN_ENUM_CONVERSION = YES;
				CLANG_WARN_INT_CONVERSION = YES;
				CLANG_WARN_OBJC_ROOT_CLASS = YES_ERROR;
				CLANG_WARN_UNREACHABLE_CODE = YES;
				CLANG_WARN__DUPLICATE_METHOD_MATCH = YES;
				CODE_SIGN_IDENTITY = "-";
				COPY_PHASE_STRIP = NO;
				DEBUG_INFORMATION_FORMAT = dwarf;
				ENABLE_STRICT_OBJC_MSGSEND = YES;
				ENABLE_TESTABILITY = YES;
				GCC_C_LANGUAGE_STANDARD = gnu99;
				GCC_DYNAMIC_NO_PIC = NO;
				GCC_NO_COMMON_BLOCKS = YES;
				GCC_OPTIMIZATION_LEVEL = 0;
				GCC_PREPROCESSOR_DEFINITIONS = (
					"DEBUG=1",
					"$(inherited)",
				);
				GCC_WARN_64_TO_32_BIT_CONVERSION = YES;
				GCC_WARN_ABOUT_RETURN_TYPE = YES_ERROR;
				GCC_WARN_UNDECLARED_SELECTOR = YES;
				GCC_WARN_UNINITIALIZED_AUTOS = YES_AGGRESSIVE;
				GCC_WARN_UNUSED_FUNCTION = YES;
				GCC_WARN_UNUSED_VARIABLE = YES;
				MACOSX_DEPLOYMENT_TARGET = 10.11;
				MTL_ENABLE_DEBUG_INFO = YES;
				ONLY_ACTIVE_ARCH = YES;
				SDKROOT = macosx;
			};
			name = Debug;
		};
		6F9E73221D23B80E005E04B2 /* Release */ = {
			isa = XCBuildConfiguration;
			buildSettings = {
				ALWAYS_SEARCH_USER_PATHS = NO;
				CLANG_ANALYZER_NONNULL = YES;
				CLANG_CXX_LANGUAGE_STANDARD = "gnu++0x";
				CLANG_CXX_LIBRARY = "libc++";
				CLANG_ENABLE_MODULES = YES;
				CLANG_ENABLE_OBJC_ARC = YES;
				CLANG_WARN_BOOL_CONVERSION = YES;
				CLANG_WARN_CONSTANT_CONVERSION = YES;
				CLANG_WARN_DIRECT_OBJC_ISA_USAGE = YES_ERROR;
				CLANG_WARN_EMPTY_BODY = YES;
				CLANG_WARN_ENUM_CONVERSION = YES;
				CLANG_WARN_INT_CONVERSION = YES;
				CLANG_WARN_OBJC_ROOT_CLASS = YES_ERROR;
				CLANG_WARN_UNREACHABLE_CODE = YES;
				CLANG_WARN__DUPLICATE_METHOD_MATCH = YES;
				CODE_SIGN_IDENTITY = "-";
				COPY_PHASE_STRIP = NO;
				DEBUG_INFORMATION_FORMAT = "dwarf-with-dsym";
				ENABLE_NS_ASSERTIONS = NO;
				ENABLE_STRICT_OBJC_MSGSEND = YES;
				GCC_C_LANGUAGE_STANDARD = gnu99;
				GCC_NO_COMMON_BLOCKS = YES;
				GCC_WARN_64_TO_32_BIT_CONVERSION = YES;
				GCC_WARN_ABOUT_RETURN_TYPE = YES_ERROR;
				GCC_WARN_UNDECLARED_SELECTOR = YES;
				GCC_WARN_UNINITIALIZED_AUTOS = YES_AGGRESSIVE;
				GCC_WARN_UNUSED_FUNCTION = YES;
				GCC_WARN_UNUSED_VARIABLE = YES;
				MACOSX_DEPLOYMENT_TARGET = 10.11;
				MTL_ENABLE_DEBUG_INFO = NO;
				SDKROOT = macosx;
			};
			name = Release;
		};
		6F9E73241D23B80E005E04B2 /* Debug */ = {
			isa = XCBuildConfiguration;
			buildSettings = {
				PRODUCT_NAME = "$(TARGET_NAME)";
			};
			name = Debug;
		};
		6F9E73251D23B80E005E04B2 /* Release */ = {
			isa = XCBuildConfiguration;
			buildSettings = {
				PRODUCT_NAME = "$(TARGET_NAME)";
			};
			name = Release;
		};
/* End XCBuildConfiguration section */

/* Begin XCConfigurationList section */
		6F9E73171D23B80E005E04B2 /* Build configuration list for PBXProject "hpack-test" */ = {
			isa = XCConfigurationList;
			buildConfigurations = (
				6F9E73211D23B80E005E04B2 /* Debug */,
				6F9E73221D23B80E005E04B2 /* Release */,
			);
			defaultConfigurationIsVisible = 0;
			defaultConfigurationName = Release;
		};
		6F9E73231D23B80E005E04B2 /* Build configuration list for PBXNativeTarget "hpack-test" */ = {
			isa = XCConfigurationList;
			buildConfigurations = (
				6F9E73241D23B80E005E04B2 /* Debug */,
				6F9E73251D23B80E005E04B2 /* Release */,
			);
			defaultConfigurationIsVisible = 0;
			defaultConfigurationName = Release;
		};
/* End XCConfigurationList section */
	};
	rootObject = 6F9E73141D23B80E005E04B2 /* Project object */;
}
